
Microsoft Visual Studio Solution File, Format Version 12.00
# Visual Studio Version 17
VisualStudioVersion = 17.0.32014.148
MinimumVisualStudioVersion = 10.0.40219.1
Project("{9A19103F-16F7-4668-BE54-9A1E7A4F7556}") = "AdventOfCode2018", "AdventOfCode2018.csproj", "{9DFD371D-6E94-4C63-B1F8-6F4E868974FA}"
EndProject
Global
	GlobalSection(SolutionConfigurationPlatforms) = preSolution
		Debug|Any CPU = Debug|Any CPU
		Release|Any CPU = Release|Any CPU
	EndGlobalSection
	GlobalSection(ProjectConfigurationPlatforms) = postSolution
		{9DFD371D-6E94-4C63-B1F8-6F4E868974FA}.Debug|Any CPU.ActiveCfg = Debug|Any CPU
		{9DFD371D-6E94-4C63-B1F8-6F4E868974FA}.Debug|Any CPU.Build.0 = Debug|Any CPU
		{9DFD371D-6E94-4C63-B1F8-6F4E868974FA}.Release|Any CPU.ActiveCfg = Release|Any CPU
		{9DFD371D-6E94-4C63-B1F8-6F4E868974FA}.Release|Any CPU.Build.0 = Release|Any CPU
	EndGlobalSection
	GlobalSection(SolutionProperties) = preSolution
		HideSolutionNode = FALSE
	EndGlobalSection
	GlobalSection(ExtensibilityGlobals) = postSolution
		SolutionGuid = {5D6C14EB-73DC-42A0-9874-65408BCFDD24}
	EndGlobalSection
EndGlobal
